
Microsoft Visual Studio Solution File, Format Version 12.00
Project("{FAE04EC0-301F-11D3-BF4B-00C04F79EFBC}") = "ToDoList", "ToDoList\ToDoList.csproj", "{ED389789-06C1-4F27-AE36-744C93BE9ECB}"
EndProject
Project("{2150E333-8FDC-42A3-9474-1A3956D46DE8}") = "Domain", "Domain", "{81D08AC6-EA73-409B-832D-00A6CC4B5EDF}"
EndProject
Project("{FAE04EC0-301F-11D3-BF4B-00C04F79EFBC}") = "ToDoList.Domain", "ToDoList.Domain\ToDoList.Domain.csproj", "{918B8DAD-E9AF-4B05-BB73-FB1CDAEF3954}"
EndProject
Project("{2150E333-8FDC-42A3-9474-1A3956D46DE8}") = "DAL", "DAL", "{EB6C7879-A7B5-4523-A58C-85D396C84053}"
EndProject
Project("{FAE04EC0-301F-11D3-BF4B-00C04F79EFBC}") = "ToDoList.DAL", "ToDoList.DAL\ToDoList.DAL.csproj", "{69560567-1A99-4738-8EDD-7A41C6AC58AC}"
EndProject
Project("{2150E333-8FDC-42A3-9474-1A3956D46DE8}") = "Service", "Service", "{54796BDF-04D2-4B66-B28E-DDA426120C1F}"
EndProject
Project("{FAE04EC0-301F-11D3-BF4B-00C04F79EFBC}") = "ToDoList.Service", "ToDoList.Service\ToDoList.Service.csproj", "{C86AFDD9-4446-4863-922A-1CD9F158D076}"
EndProject
Global
	GlobalSection(SolutionConfigurationPlatforms) = preSolution
		Debug|Any CPU = Debug|Any CPU
		Release|Any CPU = Release|Any CPU
	EndGlobalSection
	GlobalSection(ProjectConfigurationPlatforms) = postSolution
		{ED389789-06C1-4F27-AE36-744C93BE9ECB}.Debug|Any CPU.ActiveCfg = Debug|Any CPU
		{ED389789-06C1-4F27-AE36-744C93BE9ECB}.Debug|Any CPU.Build.0 = Debug|Any CPU
		{ED389789-06C1-4F27-AE36-744C93BE9ECB}.Release|Any CPU.ActiveCfg = Release|Any CPU
		{ED389789-06C1-4F27-AE36-744C93BE9ECB}.Release|Any CPU.Build.0 = Release|Any CPU
		{918B8DAD-E9AF-4B05-BB73-FB1CDAEF3954}.Debug|Any CPU.ActiveCfg = Debug|Any CPU
		{918B8DAD-E9AF-4B05-BB73-FB1CDAEF3954}.Debug|Any CPU.Build.0 = Debug|Any CPU
		{918B8DAD-E9AF-4B05-BB73-FB1CDAEF3954}.Release|Any CPU.ActiveCfg = Release|Any CPU
		{918B8DAD-E9AF-4B05-BB73-FB1CDAEF3954}.Release|Any CPU.Build.0 = Release|Any CPU
		{69560567-1A99-4738-8EDD-7A41C6AC58AC}.Debug|Any CPU.ActiveCfg = Debug|Any CPU
		{69560567-1A99-4738-8EDD-7A41C6AC58AC}.Debug|Any CPU.Build.0 = Debug|Any CPU
		{69560567-1A99-4738-8EDD-7A41C6AC58AC}.Release|Any CPU.ActiveCfg = Release|Any CPU
		{69560567-1A99-4738-8EDD-7A41C6AC58AC}.Release|Any CPU.Build.0 = Release|Any CPU
		{C86AFDD9-4446-4863-922A-1CD9F158D076}.Debug|Any CPU.ActiveCfg = Debug|Any CPU
		{C86AFDD9-4446-4863-922A-1CD9F158D076}.Debug|Any CPU.Build.0 = Debug|Any CPU
		{C86AFDD9-4446-4863-922A-1CD9F158D076}.Release|Any CPU.ActiveCfg = Release|Any CPU
		{C86AFDD9-4446-4863-922A-1CD9F158D076}.Release|Any CPU.Build.0 = Release|Any CPU
	EndGlobalSection
	GlobalSection(NestedProjects) = preSolution
		{918B8DAD-E9AF-4B05-BB73-FB1CDAEF3954} = {81D08AC6-EA73-409B-832D-00A6CC4B5EDF}
		{69560567-1A99-4738-8EDD-7A41C6AC58AC} = {EB6C7879-A7B5-4523-A58C-85D396C84053}
		{C86AFDD9-4446-4863-922A-1CD9F158D076} = {54796BDF-04D2-4B66-B28E-DDA426120C1F}
	EndGlobalSection
EndGlobal
