
Microsoft Visual Studio Solution File, Format Version 12.00
Project("{FAE04EC0-301F-11D3-BF4B-00C04F79EFBC}") = "ToDoList", "ToDoList\ToDoList.csproj", "{BA9E06CB-FCDE-4903-A3DA-4DAF23ECE623}"
EndProject
Global
	GlobalSection(SolutionConfigurationPlatforms) = preSolution
		Debug|Any CPU = Debug|Any CPU
		Release|Any CPU = Release|Any CPU
	EndGlobalSection
	GlobalSection(ProjectConfigurationPlatforms) = postSolution
		{BA9E06CB-FCDE-4903-A3DA-4DAF23ECE623}.Debug|Any CPU.ActiveCfg = Debug|Any CPU
		{BA9E06CB-FCDE-4903-A3DA-4DAF23ECE623}.Debug|Any CPU.Build.0 = Debug|Any CPU
		{BA9E06CB-FCDE-4903-A3DA-4DAF23ECE623}.Release|Any CPU.ActiveCfg = Release|Any CPU
		{BA9E06CB-FCDE-4903-A3DA-4DAF23ECE623}.Release|Any CPU.Build.0 = Release|Any CPU
	EndGlobalSection
EndGlobal
