
Microsoft Visual Studio Solution File, Format Version 12.00
Project("{FAE04EC0-301F-11D3-BF4B-00C04F79EFBC}") = "ToDoList", "ToDoList\ToDoList.csproj", "{BA9E06CB-FCDE-4903-A3DA-4DAF23ECE623}"
EndProject
Project("{2150E333-8FDC-42A3-9474-1A3956D46DE8}") = "Domain", "Domain", "{E411A350-5EDF-4F5C-8498-221CCE0351CA}"
EndProject
Project("{FAE04EC0-301F-11D3-BF4B-00C04F79EFBC}") = "ToDoList.Domain", "ToDoList.Domain\ToDoList.Domain.csproj", "{870E2E7A-DCC0-4DE3-9553-022803646C78}"
EndProject
Project("{2150E333-8FDC-42A3-9474-1A3956D46DE8}") = "DAL", "DAL", "{64263AF8-75E6-4B6D-B8FF-59F22326DD86}"
EndProject
Project("{FAE04EC0-301F-11D3-BF4B-00C04F79EFBC}") = "ToDoList.DAL", "ToDoList.DAL\ToDoList.DAL.csproj", "{D25AF4DA-6509-40DE-A6E7-DCC501C88467}"
EndProject
Project("{2150E333-8FDC-42A3-9474-1A3956D46DE8}") = "Service", "Service", "{F29A50AE-4311-4D46-9F5B-BD984D8E07AB}"
EndProject
Project("{FAE04EC0-301F-11D3-BF4B-00C04F79EFBC}") = "ToDoList.Service", "ToDoList.Service\ToDoList.Service.csproj", "{1E62C5B7-01FF-4B43-A903-E9ACDF922490}"
EndProject
Global
	GlobalSection(SolutionConfigurationPlatforms) = preSolution
		Debug|Any CPU = Debug|Any CPU
		Release|Any CPU = Release|Any CPU
	EndGlobalSection
	GlobalSection(ProjectConfigurationPlatforms) = postSolution
		{BA9E06CB-FCDE-4903-A3DA-4DAF23ECE623}.Debug|Any CPU.ActiveCfg = Debug|Any CPU
		{BA9E06CB-FCDE-4903-A3DA-4DAF23ECE623}.Debug|Any CPU.Build.0 = Debug|Any CPU
		{BA9E06CB-FCDE-4903-A3DA-4DAF23ECE623}.Release|Any CPU.ActiveCfg = Release|Any CPU
		{BA9E06CB-FCDE-4903-A3DA-4DAF23ECE623}.Release|Any CPU.Build.0 = Release|Any CPU
		{870E2E7A-DCC0-4DE3-9553-022803646C78}.Debug|Any CPU.ActiveCfg = Debug|Any CPU
		{870E2E7A-DCC0-4DE3-9553-022803646C78}.Debug|Any CPU.Build.0 = Debug|Any CPU
		{870E2E7A-DCC0-4DE3-9553-022803646C78}.Release|Any CPU.ActiveCfg = Release|Any CPU
		{870E2E7A-DCC0-4DE3-9553-022803646C78}.Release|Any CPU.Build.0 = Release|Any CPU
		{D25AF4DA-6509-40DE-A6E7-DCC501C88467}.Debug|Any CPU.ActiveCfg = Debug|Any CPU
		{D25AF4DA-6509-40DE-A6E7-DCC501C88467}.Debug|Any CPU.Build.0 = Debug|Any CPU
		{D25AF4DA-6509-40DE-A6E7-DCC501C88467}.Release|Any CPU.ActiveCfg = Release|Any CPU
		{D25AF4DA-6509-40DE-A6E7-DCC501C88467}.Release|Any CPU.Build.0 = Release|Any CPU
		{1E62C5B7-01FF-4B43-A903-E9ACDF922490}.Debug|Any CPU.ActiveCfg = Debug|Any CPU
		{1E62C5B7-01FF-4B43-A903-E9ACDF922490}.Debug|Any CPU.Build.0 = Debug|Any CPU
		{1E62C5B7-01FF-4B43-A903-E9ACDF922490}.Release|Any CPU.ActiveCfg = Release|Any CPU
		{1E62C5B7-01FF-4B43-A903-E9ACDF922490}.Release|Any CPU.Build.0 = Release|Any CPU
	EndGlobalSection
	GlobalSection(NestedProjects) = preSolution
		{870E2E7A-DCC0-4DE3-9553-022803646C78} = {E411A350-5EDF-4F5C-8498-221CCE0351CA}
		{D25AF4DA-6509-40DE-A6E7-DCC501C88467} = {64263AF8-75E6-4B6D-B8FF-59F22326DD86}
		{1E62C5B7-01FF-4B43-A903-E9ACDF922490} = {F29A50AE-4311-4D46-9F5B-BD984D8E07AB}
	EndGlobalSection
EndGlobal
